
Microsoft Visual Studio Solution File, Format Version 12.00
# Visual Studio Version 16
VisualStudioVersion = 16.0.30503.244
MinimumVisualStudioVersion = 10.0.40219.1
Project("{FAE04EC0-301F-11D3-BF4B-00C04F79EFBC}") = "Kloder.Utilities", "Kloder.Utilities\Kloder.Utilities.csproj", "{C9B11AD6-496C-4441-B584-FFD72A28984C}"
EndProject
Project("{FAE04EC0-301F-11D3-BF4B-00C04F79EFBC}") = "Tests", "Tests\Tests.csproj", "{C6188E04-72D9-4735-831C-7009A25790A0}"
EndProject
Global
	GlobalSection(SolutionConfigurationPlatforms) = preSolution
		Debug|Any CPU = Debug|Any CPU
		Release|Any CPU = Release|Any CPU
	EndGlobalSection
	GlobalSection(ProjectConfigurationPlatforms) = postSolution
		{C9B11AD6-496C-4441-B584-FFD72A28984C}.Debug|Any CPU.ActiveCfg = Debug|Any CPU
		{C9B11AD6-496C-4441-B584-FFD72A28984C}.Debug|Any CPU.Build.0 = Debug|Any CPU
		{C9B11AD6-496C-4441-B584-FFD72A28984C}.Release|Any CPU.ActiveCfg = Release|Any CPU
		{C9B11AD6-496C-4441-B584-FFD72A28984C}.Release|Any CPU.Build.0 = Release|Any CPU
		{C6188E04-72D9-4735-831C-7009A25790A0}.Debug|Any CPU.ActiveCfg = Debug|Any CPU
		{C6188E04-72D9-4735-831C-7009A25790A0}.Debug|Any CPU.Build.0 = Debug|Any CPU
		{C6188E04-72D9-4735-831C-7009A25790A0}.Release|Any CPU.ActiveCfg = Release|Any CPU
		{C6188E04-72D9-4735-831C-7009A25790A0}.Release|Any CPU.Build.0 = Release|Any CPU
	EndGlobalSection
	GlobalSection(SolutionProperties) = preSolution
		HideSolutionNode = FALSE
	EndGlobalSection
	GlobalSection(ExtensibilityGlobals) = postSolution
		SolutionGuid = {F9C23C06-9849-4117-A92E-1AD089578B3A}
	EndGlobalSection
EndGlobal
